
Microsoft Visual Studio Solution File, Format Version 12.00
Project("{2150E333-8FDC-42A3-9474-1A3956D46DE8}") = "MicroServices", "MicroServices", "{00E1F184-FAC6-49D8-A6D4-BDA64BE8F6EB}"
EndProject
Project("{2150E333-8FDC-42A3-9474-1A3956D46DE8}") = "Logic", "Logic", "{A632E00D-9099-4E2A-A7D5-9712B30EBDF8}"
EndProject
Project("{2150E333-8FDC-42A3-9474-1A3956D46DE8}") = "DataAccess", "DataAccess", "{B3DDE665-D97A-4886-ABAD-46526E2BAA32}"
EndProject
Project("{FAE04EC0-301F-11D3-BF4B-00C04F79EFBC}") = "Hotel", "Hotel\Hotel.csproj", "{7DF2CDDB-732C-4068-9984-F7AD00D25758}"
EndProject
Project("{FAE04EC0-301F-11D3-BF4B-00C04F79EFBC}") = "Clients", "Clients\Clients.csproj", "{830C9CFB-CF4D-4ACB-B7AD-71F30687DDE3}"
EndProject
Project("{FAE04EC0-301F-11D3-BF4B-00C04F79EFBC}") = "CQRS", "CQRS\CQRS.csproj", "{564A3E03-9623-470A-AC4A-76563FFBD451}"
EndProject
Project("{FAE04EC0-301F-11D3-BF4B-00C04F79EFBC}") = "CQRS.Abstractions", "CQRS.Abstractions\CQRS.Abstractions.csproj", "{572865D8-AE7C-41B7-800A-E5C66473D033}"
EndProject
Project("{FAE04EC0-301F-11D3-BF4B-00C04F79EFBC}") = "DataAccess.Clients", "DataAccess.Clients\DataAccess.Clients.csproj", "{C69E9ECB-857C-4760-99E6-370EF24AF351}"
EndProject
Project("{FAE04EC0-301F-11D3-BF4B-00C04F79EFBC}") = "DataAccess.Clients.Abstractions", "DataAccess.Clients.Abstractions\DataAccess.Clients.Abstractions.csproj", "{8772E48A-A445-4665-AFE7-E3C884F2FAB9}"
EndProject
Project("{FAE04EC0-301F-11D3-BF4B-00C04F79EFBC}") = "DataAccess.Shared", "DataAccess.Shared\DataAccess.Shared.csproj", "{177D9A87-718E-4680-8211-4CB4CD1E755A}"
EndProject
Project("{FAE04EC0-301F-11D3-BF4B-00C04F79EFBC}") = "DataAccess.Shared.Abstractions", "DataAccess.Shared.Abstractions\DataAccess.Shared.Abstractions.csproj", "{5D2CFF2F-42E6-4423-A137-1AEFEC719989}"
EndProject
Project("{2150E333-8FDC-42A3-9474-1A3956D46DE8}") = "Core", "Core", "{7BE2895F-6404-459F-B775-3B3741F038CE}"
EndProject
Project("{FAE04EC0-301F-11D3-BF4B-00C04F79EFBC}") = "Core", "Core\Core.csproj", "{E555DD36-8340-410C-832E-40144ACA94CA}"
EndProject
Project("{FAE04EC0-301F-11D3-BF4B-00C04F79EFBC}") = "Core.Abstractions", "Core.Abstractions\Core.Abstractions.csproj", "{6E3BA98E-E7D3-4C4B-AED4-C41C300B36CA}"
EndProject
Project("{FAE04EC0-301F-11D3-BF4B-00C04F79EFBC}") = "DataAccess.Hotel", "DataAccess.Hotel\DataAccess.Hotel.csproj", "{F57C8C36-E224-4721-91A1-FC8B16758ABF}"
EndProject
Project("{FAE04EC0-301F-11D3-BF4B-00C04F79EFBC}") = "DataAccess.Hotel.Abstractions", "DataAccess.Hotel.Abstractions\DataAccess.Hotel.Abstractions.csproj", "{9E1DE853-84D4-478B-A298-885CB0591E3A}"
EndProject
Project("{FAE04EC0-301F-11D3-BF4B-00C04F79EFBC}") = "Gateway", "Gateway\Gateway.csproj", "{457F3DC7-3EDC-47A9-8F76-3631D09BB5DA}"
EndProject
Project("{FAE04EC0-301F-11D3-BF4B-00C04F79EFBC}") = "RabbitMQ.Events", "RabbitMQ.Events\RabbitMQ.Events.csproj", "{DD3FEF38-D915-4C09-980A-D71FB109FAEC}"
EndProject
Project("{FAE04EC0-301F-11D3-BF4B-00C04F79EFBC}") = "RabbitMQ.Consumers", "RabbitMQ.Consumers\RabbitMQ.Consumers.csproj", "{79F5F494-D09B-48AD-92A5-196EDA4A99E0}"
EndProject
Project("{FAE04EC0-301F-11D3-BF4B-00C04F79EFBC}") = "Auth", "Auth\Auth.csproj", "{8740B8BF-9531-43D0-9178-790CC27416E0}"
EndProject
Global
	GlobalSection(SolutionConfigurationPlatforms) = preSolution
		Debug|Any CPU = Debug|Any CPU
		Release|Any CPU = Release|Any CPU
	EndGlobalSection
	GlobalSection(NestedProjects) = preSolution
		{7DF2CDDB-732C-4068-9984-F7AD00D25758} = {00E1F184-FAC6-49D8-A6D4-BDA64BE8F6EB}
		{830C9CFB-CF4D-4ACB-B7AD-71F30687DDE3} = {00E1F184-FAC6-49D8-A6D4-BDA64BE8F6EB}
		{564A3E03-9623-470A-AC4A-76563FFBD451} = {A632E00D-9099-4E2A-A7D5-9712B30EBDF8}
		{572865D8-AE7C-41B7-800A-E5C66473D033} = {A632E00D-9099-4E2A-A7D5-9712B30EBDF8}
		{C69E9ECB-857C-4760-99E6-370EF24AF351} = {B3DDE665-D97A-4886-ABAD-46526E2BAA32}
		{8772E48A-A445-4665-AFE7-E3C884F2FAB9} = {B3DDE665-D97A-4886-ABAD-46526E2BAA32}
		{177D9A87-718E-4680-8211-4CB4CD1E755A} = {B3DDE665-D97A-4886-ABAD-46526E2BAA32}
		{5D2CFF2F-42E6-4423-A137-1AEFEC719989} = {B3DDE665-D97A-4886-ABAD-46526E2BAA32}
		{E555DD36-8340-410C-832E-40144ACA94CA} = {7BE2895F-6404-459F-B775-3B3741F038CE}
		{6E3BA98E-E7D3-4C4B-AED4-C41C300B36CA} = {7BE2895F-6404-459F-B775-3B3741F038CE}
		{F57C8C36-E224-4721-91A1-FC8B16758ABF} = {B3DDE665-D97A-4886-ABAD-46526E2BAA32}
		{9E1DE853-84D4-478B-A298-885CB0591E3A} = {B3DDE665-D97A-4886-ABAD-46526E2BAA32}
		{457F3DC7-3EDC-47A9-8F76-3631D09BB5DA} = {00E1F184-FAC6-49D8-A6D4-BDA64BE8F6EB}
		{DD3FEF38-D915-4C09-980A-D71FB109FAEC} = {A632E00D-9099-4E2A-A7D5-9712B30EBDF8}
		{79F5F494-D09B-48AD-92A5-196EDA4A99E0} = {A632E00D-9099-4E2A-A7D5-9712B30EBDF8}
		{8740B8BF-9531-43D0-9178-790CC27416E0} = {00E1F184-FAC6-49D8-A6D4-BDA64BE8F6EB}
	EndGlobalSection
	GlobalSection(ProjectConfigurationPlatforms) = postSolution
		{7DF2CDDB-732C-4068-9984-F7AD00D25758}.Debug|Any CPU.ActiveCfg = Debug|Any CPU
		{7DF2CDDB-732C-4068-9984-F7AD00D25758}.Debug|Any CPU.Build.0 = Debug|Any CPU
		{7DF2CDDB-732C-4068-9984-F7AD00D25758}.Release|Any CPU.ActiveCfg = Release|Any CPU
		{7DF2CDDB-732C-4068-9984-F7AD00D25758}.Release|Any CPU.Build.0 = Release|Any CPU
		{830C9CFB-CF4D-4ACB-B7AD-71F30687DDE3}.Debug|Any CPU.ActiveCfg = Debug|Any CPU
		{830C9CFB-CF4D-4ACB-B7AD-71F30687DDE3}.Debug|Any CPU.Build.0 = Debug|Any CPU
		{830C9CFB-CF4D-4ACB-B7AD-71F30687DDE3}.Release|Any CPU.ActiveCfg = Release|Any CPU
		{830C9CFB-CF4D-4ACB-B7AD-71F30687DDE3}.Release|Any CPU.Build.0 = Release|Any CPU
		{564A3E03-9623-470A-AC4A-76563FFBD451}.Debug|Any CPU.ActiveCfg = Debug|Any CPU
		{564A3E03-9623-470A-AC4A-76563FFBD451}.Debug|Any CPU.Build.0 = Debug|Any CPU
		{564A3E03-9623-470A-AC4A-76563FFBD451}.Release|Any CPU.ActiveCfg = Release|Any CPU
		{564A3E03-9623-470A-AC4A-76563FFBD451}.Release|Any CPU.Build.0 = Release|Any CPU
		{572865D8-AE7C-41B7-800A-E5C66473D033}.Debug|Any CPU.ActiveCfg = Debug|Any CPU
		{572865D8-AE7C-41B7-800A-E5C66473D033}.Debug|Any CPU.Build.0 = Debug|Any CPU
		{572865D8-AE7C-41B7-800A-E5C66473D033}.Release|Any CPU.ActiveCfg = Release|Any CPU
		{572865D8-AE7C-41B7-800A-E5C66473D033}.Release|Any CPU.Build.0 = Release|Any CPU
		{C69E9ECB-857C-4760-99E6-370EF24AF351}.Debug|Any CPU.ActiveCfg = Debug|Any CPU
		{C69E9ECB-857C-4760-99E6-370EF24AF351}.Debug|Any CPU.Build.0 = Debug|Any CPU
		{C69E9ECB-857C-4760-99E6-370EF24AF351}.Release|Any CPU.ActiveCfg = Release|Any CPU
		{C69E9ECB-857C-4760-99E6-370EF24AF351}.Release|Any CPU.Build.0 = Release|Any CPU
		{8772E48A-A445-4665-AFE7-E3C884F2FAB9}.Debug|Any CPU.ActiveCfg = Debug|Any CPU
		{8772E48A-A445-4665-AFE7-E3C884F2FAB9}.Debug|Any CPU.Build.0 = Debug|Any CPU
		{8772E48A-A445-4665-AFE7-E3C884F2FAB9}.Release|Any CPU.ActiveCfg = Release|Any CPU
		{8772E48A-A445-4665-AFE7-E3C884F2FAB9}.Release|Any CPU.Build.0 = Release|Any CPU
		{177D9A87-718E-4680-8211-4CB4CD1E755A}.Debug|Any CPU.ActiveCfg = Debug|Any CPU
		{177D9A87-718E-4680-8211-4CB4CD1E755A}.Debug|Any CPU.Build.0 = Debug|Any CPU
		{177D9A87-718E-4680-8211-4CB4CD1E755A}.Release|Any CPU.ActiveCfg = Release|Any CPU
		{177D9A87-718E-4680-8211-4CB4CD1E755A}.Release|Any CPU.Build.0 = Release|Any CPU
		{5D2CFF2F-42E6-4423-A137-1AEFEC719989}.Debug|Any CPU.ActiveCfg = Debug|Any CPU
		{5D2CFF2F-42E6-4423-A137-1AEFEC719989}.Debug|Any CPU.Build.0 = Debug|Any CPU
		{5D2CFF2F-42E6-4423-A137-1AEFEC719989}.Release|Any CPU.ActiveCfg = Release|Any CPU
		{5D2CFF2F-42E6-4423-A137-1AEFEC719989}.Release|Any CPU.Build.0 = Release|Any CPU
		{E555DD36-8340-410C-832E-40144ACA94CA}.Debug|Any CPU.ActiveCfg = Debug|Any CPU
		{E555DD36-8340-410C-832E-40144ACA94CA}.Debug|Any CPU.Build.0 = Debug|Any CPU
		{E555DD36-8340-410C-832E-40144ACA94CA}.Release|Any CPU.ActiveCfg = Release|Any CPU
		{E555DD36-8340-410C-832E-40144ACA94CA}.Release|Any CPU.Build.0 = Release|Any CPU
		{6E3BA98E-E7D3-4C4B-AED4-C41C300B36CA}.Debug|Any CPU.ActiveCfg = Debug|Any CPU
		{6E3BA98E-E7D3-4C4B-AED4-C41C300B36CA}.Debug|Any CPU.Build.0 = Debug|Any CPU
		{6E3BA98E-E7D3-4C4B-AED4-C41C300B36CA}.Release|Any CPU.ActiveCfg = Release|Any CPU
		{6E3BA98E-E7D3-4C4B-AED4-C41C300B36CA}.Release|Any CPU.Build.0 = Release|Any CPU
		{F57C8C36-E224-4721-91A1-FC8B16758ABF}.Debug|Any CPU.ActiveCfg = Debug|Any CPU
		{F57C8C36-E224-4721-91A1-FC8B16758ABF}.Debug|Any CPU.Build.0 = Debug|Any CPU
		{F57C8C36-E224-4721-91A1-FC8B16758ABF}.Release|Any CPU.ActiveCfg = Release|Any CPU
		{F57C8C36-E224-4721-91A1-FC8B16758ABF}.Release|Any CPU.Build.0 = Release|Any CPU
		{9E1DE853-84D4-478B-A298-885CB0591E3A}.Debug|Any CPU.ActiveCfg = Debug|Any CPU
		{9E1DE853-84D4-478B-A298-885CB0591E3A}.Debug|Any CPU.Build.0 = Debug|Any CPU
		{9E1DE853-84D4-478B-A298-885CB0591E3A}.Release|Any CPU.ActiveCfg = Release|Any CPU
		{9E1DE853-84D4-478B-A298-885CB0591E3A}.Release|Any CPU.Build.0 = Release|Any CPU
		{457F3DC7-3EDC-47A9-8F76-3631D09BB5DA}.Debug|Any CPU.ActiveCfg = Debug|Any CPU
		{457F3DC7-3EDC-47A9-8F76-3631D09BB5DA}.Debug|Any CPU.Build.0 = Debug|Any CPU
		{457F3DC7-3EDC-47A9-8F76-3631D09BB5DA}.Release|Any CPU.ActiveCfg = Release|Any CPU
		{457F3DC7-3EDC-47A9-8F76-3631D09BB5DA}.Release|Any CPU.Build.0 = Release|Any CPU
		{DD3FEF38-D915-4C09-980A-D71FB109FAEC}.Debug|Any CPU.ActiveCfg = Debug|Any CPU
		{DD3FEF38-D915-4C09-980A-D71FB109FAEC}.Debug|Any CPU.Build.0 = Debug|Any CPU
		{DD3FEF38-D915-4C09-980A-D71FB109FAEC}.Release|Any CPU.ActiveCfg = Release|Any CPU
		{DD3FEF38-D915-4C09-980A-D71FB109FAEC}.Release|Any CPU.Build.0 = Release|Any CPU
		{79F5F494-D09B-48AD-92A5-196EDA4A99E0}.Debug|Any CPU.ActiveCfg = Debug|Any CPU
		{79F5F494-D09B-48AD-92A5-196EDA4A99E0}.Debug|Any CPU.Build.0 = Debug|Any CPU
		{79F5F494-D09B-48AD-92A5-196EDA4A99E0}.Release|Any CPU.ActiveCfg = Release|Any CPU
		{79F5F494-D09B-48AD-92A5-196EDA4A99E0}.Release|Any CPU.Build.0 = Release|Any CPU
		{8740B8BF-9531-43D0-9178-790CC27416E0}.Debug|Any CPU.ActiveCfg = Debug|Any CPU
		{8740B8BF-9531-43D0-9178-790CC27416E0}.Debug|Any CPU.Build.0 = Debug|Any CPU
		{8740B8BF-9531-43D0-9178-790CC27416E0}.Release|Any CPU.ActiveCfg = Release|Any CPU
		{8740B8BF-9531-43D0-9178-790CC27416E0}.Release|Any CPU.Build.0 = Release|Any CPU
	EndGlobalSection
EndGlobal
